
Microsoft Visual Studio Solution File, Format Version 12.00
# Visual Studio Version 16
VisualStudioVersion = 16.0.31402.337
MinimumVisualStudioVersion = 10.0.40219.1
Project("{FAE04EC0-301F-11D3-BF4B-00C04F79EFBC}") = "ConsoleApp4", "ConsoleApp4\ConsoleApp4.csproj", "{990C51AF-B601-4373-B9A0-099FB47ACBEB}"
EndProject
Global
	GlobalSection(SolutionConfigurationPlatforms) = preSolution
		Debug|Any CPU = Debug|Any CPU
		Release|Any CPU = Release|Any CPU
	EndGlobalSection
	GlobalSection(ProjectConfigurationPlatforms) = postSolution
		{990C51AF-B601-4373-B9A0-099FB47ACBEB}.Debug|Any CPU.ActiveCfg = Debug|Any CPU
		{990C51AF-B601-4373-B9A0-099FB47ACBEB}.Debug|Any CPU.Build.0 = Debug|Any CPU
		{990C51AF-B601-4373-B9A0-099FB47ACBEB}.Release|Any CPU.ActiveCfg = Release|Any CPU
		{990C51AF-B601-4373-B9A0-099FB47ACBEB}.Release|Any CPU.Build.0 = Release|Any CPU
	EndGlobalSection
	GlobalSection(SolutionProperties) = preSolution
		HideSolutionNode = FALSE
	EndGlobalSection
	GlobalSection(ExtensibilityGlobals) = postSolution
		SolutionGuid = {C9B8B525-07EE-4714-A148-3246438D5A7B}
	EndGlobalSection
EndGlobal
